// !$*UTF8*$!
{
	archiveVersion = 1;
	classes = {
	};
	objectVersion = 56;
	objects = {

/* Begin PBXBuildFile section */
		B0708E48CB2F066E69E3BF7F /* Pods_weather.framework in Frameworks */ = {isa = PBXBuildFile; fileRef = 82070BA8798394DD5641F324 /* Pods_weather.framework */; };
		EB5B1B5C2AFE6C3B004F39AE /* weatherApp.swift in Sources */ = {isa = PBXBuildFile; fileRef = EB5B1B5B2AFE6C3B004F39AE /* weatherApp.swift */; };
		EB5B1B5E2AFE6C3B004F39AE /* WelcomeView.swift in Sources */ = {isa = PBXBuildFile; fileRef = EB5B1B5D2AFE6C3B004F39AE /* WelcomeView.swift */; };
		EB5B1B602AFE6C3C004F39AE /* Assets.xcassets in Resources */ = {isa = PBXBuildFile; fileRef = EB5B1B5F2AFE6C3C004F39AE /* Assets.xcassets */; };
		EB5B1B632AFE6C3C004F39AE /* Preview Assets.xcassets in Resources */ = {isa = PBXBuildFile; fileRef = EB5B1B622AFE6C3C004F39AE /* Preview Assets.xcassets */; };
		EB5B1B6A2AFE71E5004F39AE /* Localizable.xcstrings in Resources */ = {isa = PBXBuildFile; fileRef = EB5B1B692AFE71E5004F39AE /* Localizable.xcstrings */; };
		EB5B1B6D2AFE72BE004F39AE /* String+i18n.swift in Sources */ = {isa = PBXBuildFile; fileRef = EB5B1B6C2AFE72BE004F39AE /* String+i18n.swift */; };
		EB5B1B722AFE8E42004F39AE /* WeatherView.swift in Sources */ = {isa = PBXBuildFile; fileRef = EB5B1B712AFE8E42004F39AE /* WeatherView.swift */; };
		EB5B1B742AFE8E50004F39AE /* WeatherViewModel.swift in Sources */ = {isa = PBXBuildFile; fileRef = EB5B1B732AFE8E50004F39AE /* WeatherViewModel.swift */; };
		EB5B1B792AFE9884004F39AE /* ProgressBarView.swift in Sources */ = {isa = PBXBuildFile; fileRef = EB5B1B782AFE9884004F39AE /* ProgressBarView.swift */; };
		EB5B1B802AFEA7A2004F39AE /* Color+assets.swift in Sources */ = {isa = PBXBuildFile; fileRef = EB5B1B7F2AFEA7A2004F39AE /* Color+assets.swift */; };
		EB5B1B832AFEE4F3004F39AE /* WeatherApiService.swift in Sources */ = {isa = PBXBuildFile; fileRef = EB5B1B822AFEE4F3004F39AE /* WeatherApiService.swift */; };
		EB5B1B862AFEE834004F39AE /* WeatherResult.swift in Sources */ = {isa = PBXBuildFile; fileRef = EB5B1B852AFEE834004F39AE /* WeatherResult.swift */; };
		EBA5C5B72AFF9354002CEDF6 /* WeatherCellView.swift in Sources */ = {isa = PBXBuildFile; fileRef = EBA5C5B62AFF9354002CEDF6 /* WeatherCellView.swift */; };
		EBA5C5B92AFF99F7002CEDF6 /* Double+weather.swift in Sources */ = {isa = PBXBuildFile; fileRef = EBA5C5B82AFF99F7002CEDF6 /* Double+weather.swift */; };
/* End PBXBuildFile section */

/* Begin PBXFileReference section */
		7FDCED5B243443EC4D29302C /* Pods-weather.debug.xcconfig */ = {isa = PBXFileReference; includeInIndex = 1; lastKnownFileType = text.xcconfig; name = "Pods-weather.debug.xcconfig"; path = "Target Support Files/Pods-weather/Pods-weather.debug.xcconfig"; sourceTree = "<group>"; };
		82070BA8798394DD5641F324 /* Pods_weather.framework */ = {isa = PBXFileReference; explicitFileType = wrapper.framework; includeInIndex = 0; path = Pods_weather.framework; sourceTree = BUILT_PRODUCTS_DIR; };
		EA4BD8B215D97CFA6364E063 /* Pods-weather.release.xcconfig */ = {isa = PBXFileReference; includeInIndex = 1; lastKnownFileType = text.xcconfig; name = "Pods-weather.release.xcconfig"; path = "Target Support Files/Pods-weather/Pods-weather.release.xcconfig"; sourceTree = "<group>"; };
		EB5B1B582AFE6C3B004F39AE /* weather.app */ = {isa = PBXFileReference; explicitFileType = wrapper.application; includeInIndex = 0; path = weather.app; sourceTree = BUILT_PRODUCTS_DIR; };
		EB5B1B5B2AFE6C3B004F39AE /* weatherApp.swift */ = {isa = PBXFileReference; lastKnownFileType = sourcecode.swift; path = weatherApp.swift; sourceTree = "<group>"; };
		EB5B1B5D2AFE6C3B004F39AE /* WelcomeView.swift */ = {isa = PBXFileReference; lastKnownFileType = sourcecode.swift; path = WelcomeView.swift; sourceTree = "<group>"; };
		EB5B1B5F2AFE6C3C004F39AE /* Assets.xcassets */ = {isa = PBXFileReference; lastKnownFileType = folder.assetcatalog; path = Assets.xcassets; sourceTree = "<group>"; };
		EB5B1B622AFE6C3C004F39AE /* Preview Assets.xcassets */ = {isa = PBXFileReference; lastKnownFileType = folder.assetcatalog; path = "Preview Assets.xcassets"; sourceTree = "<group>"; };
		EB5B1B692AFE71E5004F39AE /* Localizable.xcstrings */ = {isa = PBXFileReference; lastKnownFileType = text.json.xcstrings; path = Localizable.xcstrings; sourceTree = "<group>"; };
		EB5B1B6C2AFE72BE004F39AE /* String+i18n.swift */ = {isa = PBXFileReference; lastKnownFileType = sourcecode.swift; path = "String+i18n.swift"; sourceTree = "<group>"; };
		EB5B1B712AFE8E42004F39AE /* WeatherView.swift */ = {isa = PBXFileReference; lastKnownFileType = sourcecode.swift; path = WeatherView.swift; sourceTree = "<group>"; };
		EB5B1B732AFE8E50004F39AE /* WeatherViewModel.swift */ = {isa = PBXFileReference; lastKnownFileType = sourcecode.swift; path = WeatherViewModel.swift; sourceTree = "<group>"; };
		EB5B1B782AFE9884004F39AE /* ProgressBarView.swift */ = {isa = PBXFileReference; lastKnownFileType = sourcecode.swift; path = ProgressBarView.swift; sourceTree = "<group>"; };
		EB5B1B7F2AFEA7A2004F39AE /* Color+assets.swift */ = {isa = PBXFileReference; lastKnownFileType = sourcecode.swift; path = "Color+assets.swift"; sourceTree = "<group>"; };
		EB5B1B822AFEE4F3004F39AE /* WeatherApiService.swift */ = {isa = PBXFileReference; lastKnownFileType = sourcecode.swift; path = WeatherApiService.swift; sourceTree = "<group>"; };
		EB5B1B852AFEE834004F39AE /* WeatherResult.swift */ = {isa = PBXFileReference; lastKnownFileType = sourcecode.swift; path = WeatherResult.swift; sourceTree = "<group>"; };
		EBA5C5B62AFF9354002CEDF6 /* WeatherCellView.swift */ = {isa = PBXFileReference; lastKnownFileType = sourcecode.swift; path = WeatherCellView.swift; sourceTree = "<group>"; };
		EBA5C5B82AFF99F7002CEDF6 /* Double+weather.swift */ = {isa = PBXFileReference; lastKnownFileType = sourcecode.swift; path = "Double+weather.swift"; sourceTree = "<group>"; };
/* End PBXFileReference section */

/* Begin PBXFrameworksBuildPhase section */
		EB5B1B552AFE6C3B004F39AE /* Frameworks */ = {
			isa = PBXFrameworksBuildPhase;
			buildActionMask = 2147483647;
			files = (
				B0708E48CB2F066E69E3BF7F /* Pods_weather.framework in Frameworks */,
			);
			runOnlyForDeploymentPostprocessing = 0;
		};
/* End PBXFrameworksBuildPhase section */

/* Begin PBXGroup section */
		42DE99491D438E49855DE049 /* Frameworks */ = {
			isa = PBXGroup;
			children = (
				82070BA8798394DD5641F324 /* Pods_weather.framework */,
			);
			name = Frameworks;
			sourceTree = "<group>";
		};
		5D5FD2AEBD029F81653E8399 /* Pods */ = {
			isa = PBXGroup;
			children = (
				7FDCED5B243443EC4D29302C /* Pods-weather.debug.xcconfig */,
				EA4BD8B215D97CFA6364E063 /* Pods-weather.release.xcconfig */,
			);
			path = Pods;
			sourceTree = "<group>";
		};
		EB5B1B4F2AFE6C3B004F39AE = {
			isa = PBXGroup;
			children = (
				EB5B1B5A2AFE6C3B004F39AE /* weather */,
				EB5B1B592AFE6C3B004F39AE /* Products */,
				5D5FD2AEBD029F81653E8399 /* Pods */,
				42DE99491D438E49855DE049 /* Frameworks */,
			);
			sourceTree = "<group>";
		};
		EB5B1B592AFE6C3B004F39AE /* Products */ = {
			isa = PBXGroup;
			children = (
				EB5B1B582AFE6C3B004F39AE /* weather.app */,
			);
			name = Products;
			sourceTree = "<group>";
		};
		EB5B1B5A2AFE6C3B004F39AE /* weather */ = {
			isa = PBXGroup;
			children = (
				EB5B1B842AFEE827004F39AE /* Model */,
				EB5B1B812AFEE4E3004F39AE /* Services */,
				EB5B1B702AFE8E20004F39AE /* ViewModel */,
				EB5B1B6E2AFE752E004F39AE /* View */,
				EB5B1B6B2AFE7296004F39AE /* Utils */,
				EB5B1B5B2AFE6C3B004F39AE /* weatherApp.swift */,
				EB5B1B5F2AFE6C3C004F39AE /* Assets.xcassets */,
				EB5B1B612AFE6C3C004F39AE /* Preview Content */,
				EB5B1B692AFE71E5004F39AE /* Localizable.xcstrings */,
			);
			path = weather;
			sourceTree = "<group>";
		};
		EB5B1B612AFE6C3C004F39AE /* Preview Content */ = {
			isa = PBXGroup;
			children = (
				EB5B1B622AFE6C3C004F39AE /* Preview Assets.xcassets */,
			);
			path = "Preview Content";
			sourceTree = "<group>";
		};
		EB5B1B6B2AFE7296004F39AE /* Utils */ = {
			isa = PBXGroup;
			children = (
				EB5B1B6F2AFE7541004F39AE /* Extensions */,
			);
			path = Utils;
			sourceTree = "<group>";
		};
		EB5B1B6E2AFE752E004F39AE /* View */ = {
			isa = PBXGroup;
			children = (
				EB5B1B7A2AFE988E004F39AE /* Components */,
				EB5B1B5D2AFE6C3B004F39AE /* WelcomeView.swift */,
				EB5B1B712AFE8E42004F39AE /* WeatherView.swift */,
			);
			path = View;
			sourceTree = "<group>";
		};
		EB5B1B6F2AFE7541004F39AE /* Extensions */ = {
			isa = PBXGroup;
			children = (
				EB5B1B6C2AFE72BE004F39AE /* String+i18n.swift */,
				EB5B1B7F2AFEA7A2004F39AE /* Color+assets.swift */,
				EBA5C5B82AFF99F7002CEDF6 /* Double+weather.swift */,
			);
			path = Extensions;
			sourceTree = "<group>";
		};
		EB5B1B702AFE8E20004F39AE /* ViewModel */ = {
			isa = PBXGroup;
			children = (
				EB5B1B732AFE8E50004F39AE /* WeatherViewModel.swift */,
			);
			path = ViewModel;
			sourceTree = "<group>";
		};
		EB5B1B7A2AFE988E004F39AE /* Components */ = {
			isa = PBXGroup;
			children = (
				EB5B1B782AFE9884004F39AE /* ProgressBarView.swift */,
				EBA5C5B62AFF9354002CEDF6 /* WeatherCellView.swift */,
			);
			path = Components;
			sourceTree = "<group>";
		};
		EB5B1B812AFEE4E3004F39AE /* Services */ = {
			isa = PBXGroup;
			children = (
				EB5B1B822AFEE4F3004F39AE /* WeatherApiService.swift */,
			);
			path = Services;
			sourceTree = "<group>";
		};
		EB5B1B842AFEE827004F39AE /* Model */ = {
			isa = PBXGroup;
			children = (
				EB5B1B852AFEE834004F39AE /* WeatherResult.swift */,
			);
			path = Model;
			sourceTree = "<group>";
		};
/* End PBXGroup section */

/* Begin PBXNativeTarget section */
		EB5B1B572AFE6C3B004F39AE /* weather */ = {
			isa = PBXNativeTarget;
			buildConfigurationList = EB5B1B662AFE6C3C004F39AE /* Build configuration list for PBXNativeTarget "weather" */;
			buildPhases = (
				9695F8DB2B7D377F1FD79A7E /* [CP] Check Pods Manifest.lock */,
				EB5B1B542AFE6C3B004F39AE /* Sources */,
				EB5B1B552AFE6C3B004F39AE /* Frameworks */,
				EB5B1B562AFE6C3B004F39AE /* Resources */,
				50EEF48D226632147B6B3D0E /* [CP] Embed Pods Frameworks */,
			);
			buildRules = (
			);
			dependencies = (
			);
			name = weather;
			productName = weather;
			productReference = EB5B1B582AFE6C3B004F39AE /* weather.app */;
			productType = "com.apple.product-type.application";
		};
/* End PBXNativeTarget section */

/* Begin PBXProject section */
		EB5B1B502AFE6C3B004F39AE /* Project object */ = {
			isa = PBXProject;
			attributes = {
				BuildIndependentTargetsInParallel = 1;
				LastSwiftUpdateCheck = 1500;
				LastUpgradeCheck = 1500;
				TargetAttributes = {
					EB5B1B572AFE6C3B004F39AE = {
						CreatedOnToolsVersion = 15.0.1;
					};
				};
			};
			buildConfigurationList = EB5B1B532AFE6C3B004F39AE /* Build configuration list for PBXProject "weather" */;
			compatibilityVersion = "Xcode 14.0";
			developmentRegion = fr;
			hasScannedForEncodings = 0;
			knownRegions = (
				en,
				fr,
				Base,
			);
			mainGroup = EB5B1B4F2AFE6C3B004F39AE;
			productRefGroup = EB5B1B592AFE6C3B004F39AE /* Products */;
			projectDirPath = "";
			projectRoot = "";
			targets = (
				EB5B1B572AFE6C3B004F39AE /* weather */,
			);
		};
/* End PBXProject section */

/* Begin PBXResourcesBuildPhase section */
		EB5B1B562AFE6C3B004F39AE /* Resources */ = {
			isa = PBXResourcesBuildPhase;
			buildActionMask = 2147483647;
			files = (
				EB5B1B632AFE6C3C004F39AE /* Preview Assets.xcassets in Resources */,
				EB5B1B602AFE6C3C004F39AE /* Assets.xcassets in Resources */,
				EB5B1B6A2AFE71E5004F39AE /* Localizable.xcstrings in Resources */,
			);
			runOnlyForDeploymentPostprocessing = 0;
		};
/* End PBXResourcesBuildPhase section */

/* Begin PBXShellScriptBuildPhase section */
		50EEF48D226632147B6B3D0E /* [CP] Embed Pods Frameworks */ = {
			isa = PBXShellScriptBuildPhase;
			buildActionMask = 2147483647;
			files = (
			);
			inputFileListPaths = (
				"${PODS_ROOT}/Target Support Files/Pods-weather/Pods-weather-frameworks-${CONFIGURATION}-input-files.xcfilelist",
			);
			name = "[CP] Embed Pods Frameworks";
			outputFileListPaths = (
				"${PODS_ROOT}/Target Support Files/Pods-weather/Pods-weather-frameworks-${CONFIGURATION}-output-files.xcfilelist",
			);
			runOnlyForDeploymentPostprocessing = 0;
			shellPath = /bin/sh;
			shellScript = "\"${PODS_ROOT}/Target Support Files/Pods-weather/Pods-weather-frameworks.sh\"\n";
			showEnvVarsInLog = 0;
		};
		9695F8DB2B7D377F1FD79A7E /* [CP] Check Pods Manifest.lock */ = {
			isa = PBXShellScriptBuildPhase;
			buildActionMask = 2147483647;
			files = (
			);
			inputFileListPaths = (
			);
			inputPaths = (
				"${PODS_PODFILE_DIR_PATH}/Podfile.lock",
				"${PODS_ROOT}/Manifest.lock",
			);
			name = "[CP] Check Pods Manifest.lock";
			outputFileListPaths = (
			);
			outputPaths = (
				"$(DERIVED_FILE_DIR)/Pods-weather-checkManifestLockResult.txt",
			);
			runOnlyForDeploymentPostprocessing = 0;
			shellPath = /bin/sh;
			shellScript = "diff \"${PODS_PODFILE_DIR_PATH}/Podfile.lock\" \"${PODS_ROOT}/Manifest.lock\" > /dev/null\nif [ $? != 0 ] ; then\n    # print error to STDERR\n    echo \"error: The sandbox is not in sync with the Podfile.lock. Run 'pod install' or update your CocoaPods installation.\" >&2\n    exit 1\nfi\n# This output is used by Xcode 'outputs' to avoid re-running this script phase.\necho \"SUCCESS\" > \"${SCRIPT_OUTPUT_FILE_0}\"\n";
			showEnvVarsInLog = 0;
		};
/* End PBXShellScriptBuildPhase section */

/* Begin PBXSourcesBuildPhase section */
		EB5B1B542AFE6C3B004F39AE /* Sources */ = {
			isa = PBXSourcesBuildPhase;
			buildActionMask = 2147483647;
			files = (
				EB5B1B742AFE8E50004F39AE /* WeatherViewModel.swift in Sources */,
				EB5B1B792AFE9884004F39AE /* ProgressBarView.swift in Sources */,
				EB5B1B802AFEA7A2004F39AE /* Color+assets.swift in Sources */,
				EB5B1B5E2AFE6C3B004F39AE /* WelcomeView.swift in Sources */,
				EBA5C5B92AFF99F7002CEDF6 /* Double+weather.swift in Sources */,
				EB5B1B862AFEE834004F39AE /* WeatherResult.swift in Sources */,
				EB5B1B5C2AFE6C3B004F39AE /* weatherApp.swift in Sources */,
				EB5B1B832AFEE4F3004F39AE /* WeatherApiService.swift in Sources */,
				EB5B1B6D2AFE72BE004F39AE /* String+i18n.swift in Sources */,
				EB5B1B722AFE8E42004F39AE /* WeatherView.swift in Sources */,
				EBA5C5B72AFF9354002CEDF6 /* WeatherCellView.swift in Sources */,
			);
			runOnlyForDeploymentPostprocessing = 0;
		};
/* End PBXSourcesBuildPhase section */

/* Begin XCBuildConfiguration section */
		EB5B1B642AFE6C3C004F39AE /* Debug */ = {
			isa = XCBuildConfiguration;
			buildSettings = {
				ALWAYS_SEARCH_USER_PATHS = NO;
				ASSETCATALOG_COMPILER_GENERATE_SWIFT_ASSET_SYMBOL_EXTENSIONS = YES;
				CLANG_ANALYZER_NONNULL = YES;
				CLANG_ANALYZER_NUMBER_OBJECT_CONVERSION = YES_AGGRESSIVE;
				CLANG_CXX_LANGUAGE_STANDARD = "gnu++20";
				CLANG_ENABLE_MODULES = YES;
				CLANG_ENABLE_OBJC_ARC = YES;
				CLANG_ENABLE_OBJC_WEAK = YES;
				CLANG_WARN_BLOCK_CAPTURE_AUTORELEASING = YES;
				CLANG_WARN_BOOL_CONVERSION = YES;
				CLANG_WARN_COMMA = YES;
				CLANG_WARN_CONSTANT_CONVERSION = YES;
				CLANG_WARN_DEPRECATED_OBJC_IMPLEMENTATIONS = YES;
				CLANG_WARN_DIRECT_OBJC_ISA_USAGE = YES_ERROR;
				CLANG_WARN_DOCUMENTATION_COMMENTS = YES;
				CLANG_WARN_EMPTY_BODY = YES;
				CLANG_WARN_ENUM_CONVERSION = YES;
				CLANG_WARN_INFINITE_RECURSION = YES;
				CLANG_WARN_INT_CONVERSION = YES;
				CLANG_WARN_NON_LITERAL_NULL_CONVERSION = YES;
				CLANG_WARN_OBJC_IMPLICIT_RETAIN_SELF = YES;
				CLANG_WARN_OBJC_LITERAL_CONVERSION = YES;
				CLANG_WARN_OBJC_ROOT_CLASS = YES_ERROR;
				CLANG_WARN_QUOTED_INCLUDE_IN_FRAMEWORK_HEADER = YES;
				CLANG_WARN_RANGE_LOOP_ANALYSIS = YES;
				CLANG_WARN_STRICT_PROTOTYPES = YES;
				CLANG_WARN_SUSPICIOUS_MOVE = YES;
				CLANG_WARN_UNGUARDED_AVAILABILITY = YES_AGGRESSIVE;
				CLANG_WARN_UNREACHABLE_CODE = YES;
				CLANG_WARN__DUPLICATE_METHOD_MATCH = YES;
				COPY_PHASE_STRIP = NO;
				DEBUG_INFORMATION_FORMAT = dwarf;
				ENABLE_STRICT_OBJC_MSGSEND = YES;
				ENABLE_TESTABILITY = YES;
				ENABLE_USER_SCRIPT_SANDBOXING = YES;
				GCC_C_LANGUAGE_STANDARD = gnu17;
				GCC_DYNAMIC_NO_PIC = NO;
				GCC_NO_COMMON_BLOCKS = YES;
				GCC_OPTIMIZATION_LEVEL = 0;
				GCC_PREPROCESSOR_DEFINITIONS = (
					"DEBUG=1",
					"$(inherited)",
				);
				GCC_WARN_64_TO_32_BIT_CONVERSION = YES;
				GCC_WARN_ABOUT_RETURN_TYPE = YES_ERROR;
				GCC_WARN_UNDECLARED_SELECTOR = YES;
				GCC_WARN_UNINITIALIZED_AUTOS = YES_AGGRESSIVE;
				GCC_WARN_UNUSED_FUNCTION = YES;
				GCC_WARN_UNUSED_VARIABLE = YES;
				IPHONEOS_DEPLOYMENT_TARGET = 17.0;
				LOCALIZATION_PREFERS_STRING_CATALOGS = YES;
				MTL_ENABLE_DEBUG_INFO = INCLUDE_SOURCE;
				MTL_FAST_MATH = YES;
				ONLY_ACTIVE_ARCH = YES;
				SDKROOT = iphoneos;
				SWIFT_ACTIVE_COMPILATION_CONDITIONS = "DEBUG $(inherited)";
				SWIFT_OPTIMIZATION_LEVEL = "-Onone";
			};
			name = Debug;
		};
		EB5B1B652AFE6C3C004F39AE /* Release */ = {
			isa = XCBuildConfiguration;
			buildSettings = {
				ALWAYS_SEARCH_USER_PATHS = NO;
				ASSETCATALOG_COMPILER_GENERATE_SWIFT_ASSET_SYMBOL_EXTENSIONS = YES;
				CLANG_ANALYZER_NONNULL = YES;
				CLANG_ANALYZER_NUMBER_OBJECT_CONVERSION = YES_AGGRESSIVE;
				CLANG_CXX_LANGUAGE_STANDARD = "gnu++20";
				CLANG_ENABLE_MODULES = YES;
				CLANG_ENABLE_OBJC_ARC = YES;
				CLANG_ENABLE_OBJC_WEAK = YES;
				CLANG_WARN_BLOCK_CAPTURE_AUTORELEASING = YES;
				CLANG_WARN_BOOL_CONVERSION = YES;
				CLANG_WARN_COMMA = YES;
				CLANG_WARN_CONSTANT_CONVERSION = YES;
				CLANG_WARN_DEPRECATED_OBJC_IMPLEMENTATIONS = YES;
				CLANG_WARN_DIRECT_OBJC_ISA_USAGE = YES_ERROR;
				CLANG_WARN_DOCUMENTATION_COMMENTS = YES;
				CLANG_WARN_EMPTY_BODY = YES;
				CLANG_WARN_ENUM_CONVERSION = YES;
				CLANG_WARN_INFINITE_RECURSION = YES;
				CLANG_WARN_INT_CONVERSION = YES;
				CLANG_WARN_NON_LITERAL_NULL_CONVERSION = YES;
				CLANG_WARN_OBJC_IMPLICIT_RETAIN_SELF = YES;
				CLANG_WARN_OBJC_LITERAL_CONVERSION = YES;
				CLANG_WARN_OBJC_ROOT_CLASS = YES_ERROR;
				CLANG_WARN_QUOTED_INCLUDE_IN_FRAMEWORK_HEADER = YES;
				CLANG_WARN_RANGE_LOOP_ANALYSIS = YES;
				CLANG_WARN_STRICT_PROTOTYPES = YES;
				CLANG_WARN_SUSPICIOUS_MOVE = YES;
				CLANG_WARN_UNGUARDED_AVAILABILITY = YES_AGGRESSIVE;
				CLANG_WARN_UNREACHABLE_CODE = YES;
				CLANG_WARN__DUPLICATE_METHOD_MATCH = YES;
				COPY_PHASE_STRIP = NO;
				DEBUG_INFORMATION_FORMAT = "dwarf-with-dsym";
				ENABLE_NS_ASSERTIONS = NO;
				ENABLE_STRICT_OBJC_MSGSEND = YES;
				ENABLE_USER_SCRIPT_SANDBOXING = YES;
				GCC_C_LANGUAGE_STANDARD = gnu17;
				GCC_NO_COMMON_BLOCKS = YES;
				GCC_WARN_64_TO_32_BIT_CONVERSION = YES;
				GCC_WARN_ABOUT_RETURN_TYPE = YES_ERROR;
				GCC_WARN_UNDECLARED_SELECTOR = YES;
				GCC_WARN_UNINITIALIZED_AUTOS = YES_AGGRESSIVE;
				GCC_WARN_UNUSED_FUNCTION = YES;
				GCC_WARN_UNUSED_VARIABLE = YES;
				IPHONEOS_DEPLOYMENT_TARGET = 17.0;
				LOCALIZATION_PREFERS_STRING_CATALOGS = YES;
				MTL_ENABLE_DEBUG_INFO = NO;
				MTL_FAST_MATH = YES;
				SDKROOT = iphoneos;
				SWIFT_COMPILATION_MODE = wholemodule;
				VALIDATE_PRODUCT = YES;
			};
			name = Release;
		};
		EB5B1B672AFE6C3C004F39AE /* Debug */ = {
			isa = XCBuildConfiguration;
			baseConfigurationReference = 7FDCED5B243443EC4D29302C /* Pods-weather.debug.xcconfig */;
			buildSettings = {
				ASSETCATALOG_COMPILER_APPICON_NAME = AppIcon;
				ASSETCATALOG_COMPILER_GLOBAL_ACCENT_COLOR_NAME = AccentColor;
				CODE_SIGN_STYLE = Automatic;
				CURRENT_PROJECT_VERSION = 1;
				DEVELOPMENT_ASSET_PATHS = "\"weather/Preview Content\"";
				ENABLE_PREVIEWS = YES;
				ENABLE_USER_SCRIPT_SANDBOXING = NO;
				GENERATE_INFOPLIST_FILE = YES;
				INFOPLIST_KEY_UIApplicationSceneManifest_Generation = YES;
				INFOPLIST_KEY_UIApplicationSupportsIndirectInputEvents = YES;
				INFOPLIST_KEY_UILaunchScreen_Generation = YES;
				INFOPLIST_KEY_UISupportedInterfaceOrientations_iPad = "UIInterfaceOrientationPortrait UIInterfaceOrientationPortraitUpsideDown UIInterfaceOrientationLandscapeLeft UIInterfaceOrientationLandscapeRight";
				INFOPLIST_KEY_UISupportedInterfaceOrientations_iPhone = "UIInterfaceOrientationPortrait UIInterfaceOrientationLandscapeLeft UIInterfaceOrientationLandscapeRight";
				LD_RUNPATH_SEARCH_PATHS = (
					"$(inherited)",
					"@executable_path/Frameworks",
				);
				MARKETING_VERSION = 1.0;
				PRODUCT_BUNDLE_IDENTIFIER = "com.loic-lefebvre.weather";
				PRODUCT_NAME = "$(TARGET_NAME)";
				SWIFT_EMIT_LOC_STRINGS = YES;
				SWIFT_VERSION = 5.0;
				TARGETED_DEVICE_FAMILY = "1,2";
			};
			name = Debug;
		};
		EB5B1B682AFE6C3C004F39AE /* Release */ = {
			isa = XCBuildConfiguration;
			baseConfigurationReference = EA4BD8B215D97CFA6364E063 /* Pods-weather.release.xcconfig */;
			buildSettings = {
				ASSETCATALOG_COMPILER_APPICON_NAME = AppIcon;
				ASSETCATALOG_COMPILER_GLOBAL_ACCENT_COLOR_NAME = AccentColor;
				CODE_SIGN_STYLE = Automatic;
				CURRENT_PROJECT_VERSION = 1;
				DEVELOPMENT_ASSET_PATHS = "\"weather/Preview Content\"";
				ENABLE_PREVIEWS = YES;
				ENABLE_USER_SCRIPT_SANDBOXING = NO;
				GENERATE_INFOPLIST_FILE = YES;
				INFOPLIST_KEY_UIApplicationSceneManifest_Generation = YES;
				INFOPLIST_KEY_UIApplicationSupportsIndirectInputEvents = YES;
				INFOPLIST_KEY_UILaunchScreen_Generation = YES;
				INFOPLIST_KEY_UISupportedInterfaceOrientations_iPad = "UIInterfaceOrientationPortrait UIInterfaceOrientationPortraitUpsideDown UIInterfaceOrientationLandscapeLeft UIInterfaceOrientationLandscapeRight";
				INFOPLIST_KEY_UISupportedInterfaceOrientations_iPhone = "UIInterfaceOrientationPortrait UIInterfaceOrientationLandscapeLeft UIInterfaceOrientationLandscapeRight";
				LD_RUNPATH_SEARCH_PATHS = (
					"$(inherited)",
					"@executable_path/Frameworks",
				);
				MARKETING_VERSION = 1.0;
				PRODUCT_BUNDLE_IDENTIFIER = "com.loic-lefebvre.weather";
				PRODUCT_NAME = "$(TARGET_NAME)";
				SWIFT_EMIT_LOC_STRINGS = YES;
				SWIFT_VERSION = 5.0;
				TARGETED_DEVICE_FAMILY = "1,2";
			};
			name = Release;
		};
/* End XCBuildConfiguration section */

/* Begin XCConfigurationList section */
		EB5B1B532AFE6C3B004F39AE /* Build configuration list for PBXProject "weather" */ = {
			isa = XCConfigurationList;
			buildConfigurations = (
				EB5B1B642AFE6C3C004F39AE /* Debug */,
				EB5B1B652AFE6C3C004F39AE /* Release */,
			);
			defaultConfigurationIsVisible = 0;
			defaultConfigurationName = Release;
		};
		EB5B1B662AFE6C3C004F39AE /* Build configuration list for PBXNativeTarget "weather" */ = {
			isa = XCConfigurationList;
			buildConfigurations = (
				EB5B1B672AFE6C3C004F39AE /* Debug */,
				EB5B1B682AFE6C3C004F39AE /* Release */,
			);
			defaultConfigurationIsVisible = 0;
			defaultConfigurationName = Release;
		};
/* End XCConfigurationList section */
	};
	rootObject = EB5B1B502AFE6C3B004F39AE /* Project object */;
}
